
Microsoft Visual Studio Solution File, Format Version 12.00
# Visual Studio Version 17
VisualStudioVersion = 17.9.34728.123
MinimumVisualStudioVersion = 10.0.40219.1
Project("{9A19103F-16F7-4668-BE54-9A1E7A4F7556}") = "NrpaNup", "NrpaNup\NrpaNup.csproj", "{0970DCC4-00AF-4DDF-BA88-25B57FA0450B}"
EndProject
Project("{54435603-DBB4-11D2-8724-00A0C9A8B90C}") = "ZLB", "ZLB\ZLB.vdproj", "{E16A441D-554B-4FD1-A9D0-837E8D23CC03}"
EndProject
Global
	GlobalSection(SolutionConfigurationPlatforms) = preSolution
		Debug|Any CPU = Debug|Any CPU
		Release|Any CPU = Release|Any CPU
	EndGlobalSection
	GlobalSection(ProjectConfigurationPlatforms) = postSolution
		{0970DCC4-00AF-4DDF-BA88-25B57FA0450B}.Debug|Any CPU.ActiveCfg = Debug|Any CPU
		{0970DCC4-00AF-4DDF-BA88-25B57FA0450B}.Debug|Any CPU.Build.0 = Debug|Any CPU
		{0970DCC4-00AF-4DDF-BA88-25B57FA0450B}.Release|Any CPU.ActiveCfg = Release|Any CPU
		{0970DCC4-00AF-4DDF-BA88-25B57FA0450B}.Release|Any CPU.Build.0 = Release|Any CPU
		{E16A441D-554B-4FD1-A9D0-837E8D23CC03}.Debug|Any CPU.ActiveCfg = Debug
		{E16A441D-554B-4FD1-A9D0-837E8D23CC03}.Release|Any CPU.ActiveCfg = Release
	EndGlobalSection
	GlobalSection(SolutionProperties) = preSolution
		HideSolutionNode = FALSE
	EndGlobalSection
	GlobalSection(ExtensibilityGlobals) = postSolution
		SolutionGuid = {7A6D99CE-CCE8-49C7-B6D0-120703004329}
	EndGlobalSection
EndGlobal
