
Microsoft Visual Studio Solution File, Format Version 12.00
# Visual Studio Version 17
VisualStudioVersion = 17.8.34316.72
MinimumVisualStudioVersion = 10.0.40219.1
Project("{9A19103F-16F7-4668-BE54-9A1E7A4F7556}") = "ProjektFormsNRPA", "ProjektFormsNRPA\ProjektFormsNRPA.csproj", "{9BC9D3A3-5A13-4F58-A221-1944144E4C76}"
EndProject
Project("{2150E333-8FDC-42A3-9474-1A3956D46DE8}") = "Solution Items", "Solution Items", "{1CEC4293-5E39-4194-9901-026521EBE65E}"
	ProjectSection(SolutionItems) = preProject
		ProjektFormsNRPA\bin\Debug\net7.0-windows\Osebe.txt = ProjektFormsNRPA\bin\Debug\net7.0-windows\Osebe.txt
		ProjektFormsNRPA\bin\Debug\net7.0-windows\Transakcije.txt = ProjektFormsNRPA\bin\Debug\net7.0-windows\Transakcije.txt
	EndProjectSection
EndProject
Project("{FAE04EC0-301F-11D3-BF4B-00C04F79EFBC}") = "ClassLibrary1", "ClassLibrary1\ClassLibrary1.csproj", "{97BDFD71-386C-47EE-9F21-3D0E059CB51A}"
EndProject
Global
	GlobalSection(SolutionConfigurationPlatforms) = preSolution
		Debug|Any CPU = Debug|Any CPU
		Release|Any CPU = Release|Any CPU
	EndGlobalSection
	GlobalSection(ProjectConfigurationPlatforms) = postSolution
		{9BC9D3A3-5A13-4F58-A221-1944144E4C76}.Debug|Any CPU.ActiveCfg = Debug|Any CPU
		{9BC9D3A3-5A13-4F58-A221-1944144E4C76}.Debug|Any CPU.Build.0 = Debug|Any CPU
		{9BC9D3A3-5A13-4F58-A221-1944144E4C76}.Release|Any CPU.ActiveCfg = Release|Any CPU
		{9BC9D3A3-5A13-4F58-A221-1944144E4C76}.Release|Any CPU.Build.0 = Release|Any CPU
		{97BDFD71-386C-47EE-9F21-3D0E059CB51A}.Debug|Any CPU.ActiveCfg = Debug|Any CPU
		{97BDFD71-386C-47EE-9F21-3D0E059CB51A}.Debug|Any CPU.Build.0 = Debug|Any CPU
		{97BDFD71-386C-47EE-9F21-3D0E059CB51A}.Release|Any CPU.ActiveCfg = Release|Any CPU
		{97BDFD71-386C-47EE-9F21-3D0E059CB51A}.Release|Any CPU.Build.0 = Release|Any CPU
	EndGlobalSection
	GlobalSection(SolutionProperties) = preSolution
		HideSolutionNode = FALSE
	EndGlobalSection
	GlobalSection(ExtensibilityGlobals) = postSolution
		SolutionGuid = {13A4CE8F-3F33-4F2A-816D-4EEEE4F92CCB}
	EndGlobalSection
EndGlobal
